// !$*UTF8*$!
{
	archiveVersion = 1;
	classes = {
	};
	objectVersion = 56;
	objects = {

/* Begin PBXBuildFile section */
		05383FB12EC83C226D2F68AD /* Pods_H4X0R_News.framework in Frameworks */ = {isa = PBXBuildFile; fileRef = F3F0FD625C7B271B30617F40 /* Pods_H4X0R_News.framework */; };
		071F86552B7331C700B2D677 /* CommentsTableViewController.swift in Sources */ = {isa = PBXBuildFile; fileRef = 071F86532B7331C700B2D677 /* CommentsTableViewController.swift */; };
		071F86582B73321700B2D677 /* CommentsTableViewCell.swift in Sources */ = {isa = PBXBuildFile; fileRef = 071F86572B73321700B2D677 /* CommentsTableViewCell.swift */; };
		071F865A2B7337FB00B2D677 /* CommentData.swift in Sources */ = {isa = PBXBuildFile; fileRef = 071F86592B7337FB00B2D677 /* CommentData.swift */; };
		0737737E2AC1E3B700D33B88 /* PostsTableViewCell.swift in Sources */ = {isa = PBXBuildFile; fileRef = 0737737D2AC1E3B700D33B88 /* PostsTableViewCell.swift */; };
		073773802AC1E3C000D33B88 /* PostsTableViewController.swift in Sources */ = {isa = PBXBuildFile; fileRef = 0737737F2AC1E3C000D33B88 /* PostsTableViewController.swift */; };
		0737C6592AABD2BD007B8F87 /* Constants.swift in Sources */ = {isa = PBXBuildFile; fileRef = 0737C6582AABD2BD007B8F87 /* Constants.swift */; };
		07546B5E2AABEEFF0081B788 /* PostData.swift in Sources */ = {isa = PBXBuildFile; fileRef = 07546B5D2AABEEFF0081B788 /* PostData.swift */; };
		07F32A842AAA505700C5EA62 /* AppDelegate.swift in Sources */ = {isa = PBXBuildFile; fileRef = 07F32A832AAA505700C5EA62 /* AppDelegate.swift */; };
		07F32A862AAA505700C5EA62 /* SceneDelegate.swift in Sources */ = {isa = PBXBuildFile; fileRef = 07F32A852AAA505700C5EA62 /* SceneDelegate.swift */; };
		07F32A8B2AAA505700C5EA62 /* Main.storyboard in Resources */ = {isa = PBXBuildFile; fileRef = 07F32A892AAA505700C5EA62 /* Main.storyboard */; };
		07F32A8D2AAA505800C5EA62 /* Assets.xcassets in Resources */ = {isa = PBXBuildFile; fileRef = 07F32A8C2AAA505800C5EA62 /* Assets.xcassets */; };
		07F32A902AAA505800C5EA62 /* LaunchScreen.storyboard in Resources */ = {isa = PBXBuildFile; fileRef = 07F32A8E2AAA505800C5EA62 /* LaunchScreen.storyboard */; };
/* End PBXBuildFile section */

/* Begin PBXFileReference section */
		071F86532B7331C700B2D677 /* CommentsTableViewController.swift */ = {isa = PBXFileReference; lastKnownFileType = sourcecode.swift; path = CommentsTableViewController.swift; sourceTree = "<group>"; };
		071F86572B73321700B2D677 /* CommentsTableViewCell.swift */ = {isa = PBXFileReference; lastKnownFileType = sourcecode.swift; path = CommentsTableViewCell.swift; sourceTree = "<group>"; };
		071F86592B7337FB00B2D677 /* CommentData.swift */ = {isa = PBXFileReference; lastKnownFileType = sourcecode.swift; path = CommentData.swift; sourceTree = "<group>"; };
		0737737D2AC1E3B700D33B88 /* PostsTableViewCell.swift */ = {isa = PBXFileReference; fileEncoding = 4; lastKnownFileType = sourcecode.swift; path = PostsTableViewCell.swift; sourceTree = "<group>"; };
		0737737F2AC1E3C000D33B88 /* PostsTableViewController.swift */ = {isa = PBXFileReference; fileEncoding = 4; lastKnownFileType = sourcecode.swift; path = PostsTableViewController.swift; sourceTree = "<group>"; };
		0737C6582AABD2BD007B8F87 /* Constants.swift */ = {isa = PBXFileReference; lastKnownFileType = sourcecode.swift; path = Constants.swift; sourceTree = "<group>"; };
		07546B5D2AABEEFF0081B788 /* PostData.swift */ = {isa = PBXFileReference; lastKnownFileType = sourcecode.swift; path = PostData.swift; sourceTree = "<group>"; };
		07F32A802AAA505700C5EA62 /* H4X0R News.app */ = {isa = PBXFileReference; explicitFileType = wrapper.application; includeInIndex = 0; path = "H4X0R News.app"; sourceTree = BUILT_PRODUCTS_DIR; };
		07F32A832AAA505700C5EA62 /* AppDelegate.swift */ = {isa = PBXFileReference; lastKnownFileType = sourcecode.swift; path = AppDelegate.swift; sourceTree = "<group>"; };
		07F32A852AAA505700C5EA62 /* SceneDelegate.swift */ = {isa = PBXFileReference; lastKnownFileType = sourcecode.swift; path = SceneDelegate.swift; sourceTree = "<group>"; };
		07F32A8A2AAA505700C5EA62 /* Base */ = {isa = PBXFileReference; lastKnownFileType = file.storyboard; name = Base; path = Base.lproj/Main.storyboard; sourceTree = "<group>"; };
		07F32A8C2AAA505800C5EA62 /* Assets.xcassets */ = {isa = PBXFileReference; lastKnownFileType = folder.assetcatalog; path = Assets.xcassets; sourceTree = "<group>"; };
		07F32A8F2AAA505800C5EA62 /* Base */ = {isa = PBXFileReference; lastKnownFileType = file.storyboard; name = Base; path = Base.lproj/LaunchScreen.storyboard; sourceTree = "<group>"; };
		07F32A912AAA505800C5EA62 /* Info.plist */ = {isa = PBXFileReference; lastKnownFileType = text.plist.xml; path = Info.plist; sourceTree = "<group>"; };
		257246D9CD494BDE20786A0F /* Pods-H4X0R News.release.xcconfig */ = {isa = PBXFileReference; includeInIndex = 1; lastKnownFileType = text.xcconfig; name = "Pods-H4X0R News.release.xcconfig"; path = "Target Support Files/Pods-H4X0R News/Pods-H4X0R News.release.xcconfig"; sourceTree = "<group>"; };
		6ECED37DAD32A1505DF748BA /* Pods-H4X0R News.debug.xcconfig */ = {isa = PBXFileReference; includeInIndex = 1; lastKnownFileType = text.xcconfig; name = "Pods-H4X0R News.debug.xcconfig"; path = "Target Support Files/Pods-H4X0R News/Pods-H4X0R News.debug.xcconfig"; sourceTree = "<group>"; };
		F3F0FD625C7B271B30617F40 /* Pods_H4X0R_News.framework */ = {isa = PBXFileReference; explicitFileType = wrapper.framework; includeInIndex = 0; path = Pods_H4X0R_News.framework; sourceTree = BUILT_PRODUCTS_DIR; };
/* End PBXFileReference section */

/* Begin PBXFrameworksBuildPhase section */
		07F32A7D2AAA505700C5EA62 /* Frameworks */ = {
			isa = PBXFrameworksBuildPhase;
			buildActionMask = 2147483647;
			files = (
				05383FB12EC83C226D2F68AD /* Pods_H4X0R_News.framework in Frameworks */,
			);
			runOnlyForDeploymentPostprocessing = 0;
		};
/* End PBXFrameworksBuildPhase section */

/* Begin PBXGroup section */
		07F32A772AAA505700C5EA62 = {
			isa = PBXGroup;
			children = (
				07F32A822AAA505700C5EA62 /* H4X0R News */,
				07F32A812AAA505700C5EA62 /* Products */,
				69878F9FE9C6B6350F3C6E82 /* Pods */,
				A5D4408CB42864F86CD05B97 /* Frameworks */,
			);
			sourceTree = "<group>";
		};
		07F32A812AAA505700C5EA62 /* Products */ = {
			isa = PBXGroup;
			children = (
				07F32A802AAA505700C5EA62 /* H4X0R News.app */,
			);
			name = Products;
			sourceTree = "<group>";
		};
		07F32A822AAA505700C5EA62 /* H4X0R News */ = {
			isa = PBXGroup;
			children = (
				07F32A832AAA505700C5EA62 /* AppDelegate.swift */,
				07F32A852AAA505700C5EA62 /* SceneDelegate.swift */,
				0737737F2AC1E3C000D33B88 /* PostsTableViewController.swift */,
				0737737D2AC1E3B700D33B88 /* PostsTableViewCell.swift */,
				071F86532B7331C700B2D677 /* CommentsTableViewController.swift */,
				071F86572B73321700B2D677 /* CommentsTableViewCell.swift */,
				07546B5D2AABEEFF0081B788 /* PostData.swift */,
				071F86592B7337FB00B2D677 /* CommentData.swift */,
				0737C6582AABD2BD007B8F87 /* Constants.swift */,
				07F32A892AAA505700C5EA62 /* Main.storyboard */,
				07F32A8C2AAA505800C5EA62 /* Assets.xcassets */,
				07F32A8E2AAA505800C5EA62 /* LaunchScreen.storyboard */,
				07F32A912AAA505800C5EA62 /* Info.plist */,
			);
			path = "H4X0R News";
			sourceTree = "<group>";
		};
		69878F9FE9C6B6350F3C6E82 /* Pods */ = {
			isa = PBXGroup;
			children = (
				6ECED37DAD32A1505DF748BA /* Pods-H4X0R News.debug.xcconfig */,
				257246D9CD494BDE20786A0F /* Pods-H4X0R News.release.xcconfig */,
			);
			path = Pods;
			sourceTree = "<group>";
		};
		A5D4408CB42864F86CD05B97 /* Frameworks */ = {
			isa = PBXGroup;
			children = (
				F3F0FD625C7B271B30617F40 /* Pods_H4X0R_News.framework */,
			);
			name = Frameworks;
			sourceTree = "<group>";
		};
/* End PBXGroup section */

/* Begin PBXNativeTarget section */
		07F32A7F2AAA505700C5EA62 /* H4X0R News */ = {
			isa = PBXNativeTarget;
			buildConfigurationList = 07F32A942AAA505800C5EA62 /* Build configuration list for PBXNativeTarget "H4X0R News" */;
			buildPhases = (
				EBC2BA1CA1AB85502DDC7C44 /* [CP] Check Pods Manifest.lock */,
				07F32A7C2AAA505700C5EA62 /* Sources */,
				07F32A7D2AAA505700C5EA62 /* Frameworks */,
				07F32A7E2AAA505700C5EA62 /* Resources */,
				E58126EBACC505E8AC2EDE0F /* [CP] Embed Pods Frameworks */,
			);
			buildRules = (
			);
			dependencies = (
			);
			name = "H4X0R News";
			productName = "H4X0R News";
			productReference = 07F32A802AAA505700C5EA62 /* H4X0R News.app */;
			productType = "com.apple.product-type.application";
		};
/* End PBXNativeTarget section */

/* Begin PBXProject section */
		07F32A782AAA505700C5EA62 /* Project object */ = {
			isa = PBXProject;
			attributes = {
				BuildIndependentTargetsInParallel = 1;
				LastSwiftUpdateCheck = 1430;
				LastUpgradeCheck = 1430;
				TargetAttributes = {
					07F32A7F2AAA505700C5EA62 = {
						CreatedOnToolsVersion = 14.3.1;
					};
				};
			};
			buildConfigurationList = 07F32A7B2AAA505700C5EA62 /* Build configuration list for PBXProject "H4X0R News" */;
			compatibilityVersion = "Xcode 14.0";
			developmentRegion = en;
			hasScannedForEncodings = 0;
			knownRegions = (
				en,
				Base,
			);
			mainGroup = 07F32A772AAA505700C5EA62;
			productRefGroup = 07F32A812AAA505700C5EA62 /* Products */;
			projectDirPath = "";
			projectRoot = "";
			targets = (
				07F32A7F2AAA505700C5EA62 /* H4X0R News */,
			);
		};
/* End PBXProject section */

/* Begin PBXResourcesBuildPhase section */
		07F32A7E2AAA505700C5EA62 /* Resources */ = {
			isa = PBXResourcesBuildPhase;
			buildActionMask = 2147483647;
			files = (
				07F32A902AAA505800C5EA62 /* LaunchScreen.storyboard in Resources */,
				07F32A8D2AAA505800C5EA62 /* Assets.xcassets in Resources */,
				07F32A8B2AAA505700C5EA62 /* Main.storyboard in Resources */,
			);
			runOnlyForDeploymentPostprocessing = 0;
		};
/* End PBXResourcesBuildPhase section */

/* Begin PBXShellScriptBuildPhase section */
		E58126EBACC505E8AC2EDE0F /* [CP] Embed Pods Frameworks */ = {
			isa = PBXShellScriptBuildPhase;
			buildActionMask = 2147483647;
			files = (
			);
			inputFileListPaths = (
				"${PODS_ROOT}/Target Support Files/Pods-H4X0R News/Pods-H4X0R News-frameworks-${CONFIGURATION}-input-files.xcfilelist",
			);
			name = "[CP] Embed Pods Frameworks";
			outputFileListPaths = (
				"${PODS_ROOT}/Target Support Files/Pods-H4X0R News/Pods-H4X0R News-frameworks-${CONFIGURATION}-output-files.xcfilelist",
			);
			runOnlyForDeploymentPostprocessing = 0;
			shellPath = /bin/sh;
			shellScript = "\"${PODS_ROOT}/Target Support Files/Pods-H4X0R News/Pods-H4X0R News-frameworks.sh\"\n";
			showEnvVarsInLog = 0;
		};
		EBC2BA1CA1AB85502DDC7C44 /* [CP] Check Pods Manifest.lock */ = {
			isa = PBXShellScriptBuildPhase;
			buildActionMask = 2147483647;
			files = (
			);
			inputFileListPaths = (
			);
			inputPaths = (
				"${PODS_PODFILE_DIR_PATH}/Podfile.lock",
				"${PODS_ROOT}/Manifest.lock",
			);
			name = "[CP] Check Pods Manifest.lock";
			outputFileListPaths = (
			);
			outputPaths = (
				"$(DERIVED_FILE_DIR)/Pods-H4X0R News-checkManifestLockResult.txt",
			);
			runOnlyForDeploymentPostprocessing = 0;
			shellPath = /bin/sh;
			shellScript = "diff \"${PODS_PODFILE_DIR_PATH}/Podfile.lock\" \"${PODS_ROOT}/Manifest.lock\" > /dev/null\nif [ $? != 0 ] ; then\n    # print error to STDERR\n    echo \"error: The sandbox is not in sync with the Podfile.lock. Run 'pod install' or update your CocoaPods installation.\" >&2\n    exit 1\nfi\n# This output is used by Xcode 'outputs' to avoid re-running this script phase.\necho \"SUCCESS\" > \"${SCRIPT_OUTPUT_FILE_0}\"\n";
			showEnvVarsInLog = 0;
		};
/* End PBXShellScriptBuildPhase section */

/* Begin PBXSourcesBuildPhase section */
		07F32A7C2AAA505700C5EA62 /* Sources */ = {
			isa = PBXSourcesBuildPhase;
			buildActionMask = 2147483647;
			files = (
				071F86552B7331C700B2D677 /* CommentsTableViewController.swift in Sources */,
				071F865A2B7337FB00B2D677 /* CommentData.swift in Sources */,
				0737C6592AABD2BD007B8F87 /* Constants.swift in Sources */,
				073773802AC1E3C000D33B88 /* PostsTableViewController.swift in Sources */,
				07546B5E2AABEEFF0081B788 /* PostData.swift in Sources */,
				07F32A842AAA505700C5EA62 /* AppDelegate.swift in Sources */,
				07F32A862AAA505700C5EA62 /* SceneDelegate.swift in Sources */,
				0737737E2AC1E3B700D33B88 /* PostsTableViewCell.swift in Sources */,
				071F86582B73321700B2D677 /* CommentsTableViewCell.swift in Sources */,
			);
			runOnlyForDeploymentPostprocessing = 0;
		};
/* End PBXSourcesBuildPhase section */

/* Begin PBXVariantGroup section */
		07F32A892AAA505700C5EA62 /* Main.storyboard */ = {
			isa = PBXVariantGroup;
			children = (
				07F32A8A2AAA505700C5EA62 /* Base */,
			);
			name = Main.storyboard;
			sourceTree = "<group>";
		};
		07F32A8E2AAA505800C5EA62 /* LaunchScreen.storyboard */ = {
			isa = PBXVariantGroup;
			children = (
				07F32A8F2AAA505800C5EA62 /* Base */,
			);
			name = LaunchScreen.storyboard;
			sourceTree = "<group>";
		};
/* End PBXVariantGroup section */

/* Begin XCBuildConfiguration section */
		07F32A922AAA505800C5EA62 /* Debug */ = {
			isa = XCBuildConfiguration;
			buildSettings = {
				ALWAYS_SEARCH_USER_PATHS = NO;
				CLANG_ANALYZER_NONNULL = YES;
				CLANG_ANALYZER_NUMBER_OBJECT_CONVERSION = YES_AGGRESSIVE;
				CLANG_CXX_LANGUAGE_STANDARD = "gnu++20";
				CLANG_ENABLE_MODULES = YES;
				CLANG_ENABLE_OBJC_ARC = YES;
				CLANG_ENABLE_OBJC_WEAK = YES;
				CLANG_WARN_BLOCK_CAPTURE_AUTORELEASING = YES;
				CLANG_WARN_BOOL_CONVERSION = YES;
				CLANG_WARN_COMMA = YES;
				CLANG_WARN_CONSTANT_CONVERSION = YES;
				CLANG_WARN_DEPRECATED_OBJC_IMPLEMENTATIONS = YES;
				CLANG_WARN_DIRECT_OBJC_ISA_USAGE = YES_ERROR;
				CLANG_WARN_DOCUMENTATION_COMMENTS = YES;
				CLANG_WARN_EMPTY_BODY = YES;
				CLANG_WARN_ENUM_CONVERSION = YES;
				CLANG_WARN_INFINITE_RECURSION = YES;
				CLANG_WARN_INT_CONVERSION = YES;
				CLANG_WARN_NON_LITERAL_NULL_CONVERSION = YES;
				CLANG_WARN_OBJC_IMPLICIT_RETAIN_SELF = YES;
				CLANG_WARN_OBJC_LITERAL_CONVERSION = YES;
				CLANG_WARN_OBJC_ROOT_CLASS = YES_ERROR;
				CLANG_WARN_QUOTED_INCLUDE_IN_FRAMEWORK_HEADER = YES;
				CLANG_WARN_RANGE_LOOP_ANALYSIS = YES;
				CLANG_WARN_STRICT_PROTOTYPES = YES;
				CLANG_WARN_SUSPICIOUS_MOVE = YES;
				CLANG_WARN_UNGUARDED_AVAILABILITY = YES_AGGRESSIVE;
				CLANG_WARN_UNREACHABLE_CODE = YES;
				CLANG_WARN__DUPLICATE_METHOD_MATCH = YES;
				COPY_PHASE_STRIP = NO;
				DEBUG_INFORMATION_FORMAT = dwarf;
				ENABLE_STRICT_OBJC_MSGSEND = YES;
				ENABLE_TESTABILITY = YES;
				GCC_C_LANGUAGE_STANDARD = gnu11;
				GCC_DYNAMIC_NO_PIC = NO;
				GCC_NO_COMMON_BLOCKS = YES;
				GCC_OPTIMIZATION_LEVEL = 0;
				GCC_PREPROCESSOR_DEFINITIONS = (
					"DEBUG=1",
					"$(inherited)",
				);
				GCC_WARN_64_TO_32_BIT_CONVERSION = YES;
				GCC_WARN_ABOUT_RETURN_TYPE = YES_ERROR;
				GCC_WARN_UNDECLARED_SELECTOR = YES;
				GCC_WARN_UNINITIALIZED_AUTOS = YES_AGGRESSIVE;
				GCC_WARN_UNUSED_FUNCTION = YES;
				GCC_WARN_UNUSED_VARIABLE = YES;
				IPHONEOS_DEPLOYMENT_TARGET = 15.0;
				MTL_ENABLE_DEBUG_INFO = INCLUDE_SOURCE;
				MTL_FAST_MATH = YES;
				ONLY_ACTIVE_ARCH = YES;
				SDKROOT = iphoneos;
				SWIFT_ACTIVE_COMPILATION_CONDITIONS = DEBUG;
				SWIFT_OPTIMIZATION_LEVEL = "-Onone";
			};
			name = Debug;
		};
		07F32A932AAA505800C5EA62 /* Release */ = {
			isa = XCBuildConfiguration;
			buildSettings = {
				ALWAYS_SEARCH_USER_PATHS = NO;
				CLANG_ANALYZER_NONNULL = YES;
				CLANG_ANALYZER_NUMBER_OBJECT_CONVERSION = YES_AGGRESSIVE;
				CLANG_CXX_LANGUAGE_STANDARD = "gnu++20";
				CLANG_ENABLE_MODULES = YES;
				CLANG_ENABLE_OBJC_ARC = YES;
				CLANG_ENABLE_OBJC_WEAK = YES;
				CLANG_WARN_BLOCK_CAPTURE_AUTORELEASING = YES;
				CLANG_WARN_BOOL_CONVERSION = YES;
				CLANG_WARN_COMMA = YES;
				CLANG_WARN_CONSTANT_CONVERSION = YES;
				CLANG_WARN_DEPRECATED_OBJC_IMPLEMENTATIONS = YES;
				CLANG_WARN_DIRECT_OBJC_ISA_USAGE = YES_ERROR;
				CLANG_WARN_DOCUMENTATION_COMMENTS = YES;
				CLANG_WARN_EMPTY_BODY = YES;
				CLANG_WARN_ENUM_CONVERSION = YES;
				CLANG_WARN_INFINITE_RECURSION = YES;
				CLANG_WARN_INT_CONVERSION = YES;
				CLANG_WARN_NON_LITERAL_NULL_CONVERSION = YES;
				CLANG_WARN_OBJC_IMPLICIT_RETAIN_SELF = YES;
				CLANG_WARN_OBJC_LITERAL_CONVERSION = YES;
				CLANG_WARN_OBJC_ROOT_CLASS = YES_ERROR;
				CLANG_WARN_QUOTED_INCLUDE_IN_FRAMEWORK_HEADER = YES;
				CLANG_WARN_RANGE_LOOP_ANALYSIS = YES;
				CLANG_WARN_STRICT_PROTOTYPES = YES;
				CLANG_WARN_SUSPICIOUS_MOVE = YES;
				CLANG_WARN_UNGUARDED_AVAILABILITY = YES_AGGRESSIVE;
				CLANG_WARN_UNREACHABLE_CODE = YES;
				CLANG_WARN__DUPLICATE_METHOD_MATCH = YES;
				COPY_PHASE_STRIP = NO;
				DEBUG_INFORMATION_FORMAT = "dwarf-with-dsym";
				ENABLE_NS_ASSERTIONS = NO;
				ENABLE_STRICT_OBJC_MSGSEND = YES;
				GCC_C_LANGUAGE_STANDARD = gnu11;
				GCC_NO_COMMON_BLOCKS = YES;
				GCC_WARN_64_TO_32_BIT_CONVERSION = YES;
				GCC_WARN_ABOUT_RETURN_TYPE = YES_ERROR;
				GCC_WARN_UNDECLARED_SELECTOR = YES;
				GCC_WARN_UNINITIALIZED_AUTOS = YES_AGGRESSIVE;
				GCC_WARN_UNUSED_FUNCTION = YES;
				GCC_WARN_UNUSED_VARIABLE = YES;
				IPHONEOS_DEPLOYMENT_TARGET = 15.0;
				MTL_ENABLE_DEBUG_INFO = NO;
				MTL_FAST_MATH = YES;
				SDKROOT = iphoneos;
				SWIFT_COMPILATION_MODE = wholemodule;
				SWIFT_OPTIMIZATION_LEVEL = "-O";
				VALIDATE_PRODUCT = YES;
			};
			name = Release;
		};
		07F32A952AAA505800C5EA62 /* Debug */ = {
			isa = XCBuildConfiguration;
			baseConfigurationReference = 6ECED37DAD32A1505DF748BA /* Pods-H4X0R News.debug.xcconfig */;
			buildSettings = {
				ASSETCATALOG_COMPILER_APPICON_NAME = AppIcon;
				ASSETCATALOG_COMPILER_GLOBAL_ACCENT_COLOR_NAME = AccentColor;
				CODE_SIGN_STYLE = Automatic;
				CURRENT_PROJECT_VERSION = 1;
				DEVELOPMENT_TEAM = 5DFBLGGFY8;
				GENERATE_INFOPLIST_FILE = YES;
				INFOPLIST_FILE = "H4X0R News/Info.plist";
				INFOPLIST_KEY_UIApplicationSupportsIndirectInputEvents = YES;
				INFOPLIST_KEY_UILaunchStoryboardName = LaunchScreen;
				INFOPLIST_KEY_UIMainStoryboardFile = Main;
				INFOPLIST_KEY_UISupportedInterfaceOrientations_iPad = "UIInterfaceOrientationPortrait UIInterfaceOrientationPortraitUpsideDown UIInterfaceOrientationLandscapeLeft UIInterfaceOrientationLandscapeRight";
				INFOPLIST_KEY_UISupportedInterfaceOrientations_iPhone = "UIInterfaceOrientationPortrait UIInterfaceOrientationLandscapeLeft UIInterfaceOrientationLandscapeRight";
				LD_RUNPATH_SEARCH_PATHS = (
					"$(inherited)",
					"@executable_path/Frameworks",
				);
				MARKETING_VERSION = 1.0;
				PRODUCT_BUNDLE_IDENTIFIER = "org.oashrafouad.H4X0R-News";
				PRODUCT_NAME = "$(TARGET_NAME)";
				SWIFT_EMIT_LOC_STRINGS = YES;
				SWIFT_VERSION = 5.0;
				TARGETED_DEVICE_FAMILY = "1,2";
			};
			name = Debug;
		};
		07F32A962AAA505800C5EA62 /* Release */ = {
			isa = XCBuildConfiguration;
			baseConfigurationReference = 257246D9CD494BDE20786A0F /* Pods-H4X0R News.release.xcconfig */;
			buildSettings = {
				ASSETCATALOG_COMPILER_APPICON_NAME = AppIcon;
				ASSETCATALOG_COMPILER_GLOBAL_ACCENT_COLOR_NAME = AccentColor;
				CODE_SIGN_STYLE = Automatic;
				CURRENT_PROJECT_VERSION = 1;
				DEVELOPMENT_TEAM = 5DFBLGGFY8;
				GENERATE_INFOPLIST_FILE = YES;
				INFOPLIST_FILE = "H4X0R News/Info.plist";
				INFOPLIST_KEY_UIApplicationSupportsIndirectInputEvents = YES;
				INFOPLIST_KEY_UILaunchStoryboardName = LaunchScreen;
				INFOPLIST_KEY_UIMainStoryboardFile = Main;
				INFOPLIST_KEY_UISupportedInterfaceOrientations_iPad = "UIInterfaceOrientationPortrait UIInterfaceOrientationPortraitUpsideDown UIInterfaceOrientationLandscapeLeft UIInterfaceOrientationLandscapeRight";
				INFOPLIST_KEY_UISupportedInterfaceOrientations_iPhone = "UIInterfaceOrientationPortrait UIInterfaceOrientationLandscapeLeft UIInterfaceOrientationLandscapeRight";
				LD_RUNPATH_SEARCH_PATHS = (
					"$(inherited)",
					"@executable_path/Frameworks",
				);
				MARKETING_VERSION = 1.0;
				PRODUCT_BUNDLE_IDENTIFIER = "org.oashrafouad.H4X0R-News";
				PRODUCT_NAME = "$(TARGET_NAME)";
				SWIFT_EMIT_LOC_STRINGS = YES;
				SWIFT_VERSION = 5.0;
				TARGETED_DEVICE_FAMILY = "1,2";
			};
			name = Release;
		};
/* End XCBuildConfiguration section */

/* Begin XCConfigurationList section */
		07F32A7B2AAA505700C5EA62 /* Build configuration list for PBXProject "H4X0R News" */ = {
			isa = XCConfigurationList;
			buildConfigurations = (
				07F32A922AAA505800C5EA62 /* Debug */,
				07F32A932AAA505800C5EA62 /* Release */,
			);
			defaultConfigurationIsVisible = 0;
			defaultConfigurationName = Release;
		};
		07F32A942AAA505800C5EA62 /* Build configuration list for PBXNativeTarget "H4X0R News" */ = {
			isa = XCConfigurationList;
			buildConfigurations = (
				07F32A952AAA505800C5EA62 /* Debug */,
				07F32A962AAA505800C5EA62 /* Release */,
			);
			defaultConfigurationIsVisible = 0;
			defaultConfigurationName = Release;
		};
/* End XCConfigurationList section */
	};
	rootObject = 07F32A782AAA505700C5EA62 /* Project object */;
}
