<?xml version="1.0" encoding="UTF-8"?>
<Scheme
   version = "1.3">
   <BuildAction>
      <BuildActionEntries>
         <BuildActionEntry
            buildForRunning = "YES">
            <BuildableReference
               BuildableIdentifier = "primary"
               BlueprintIdentifier = "07F32A7F2AAA505700C5EA62"
               BuildableName = "H4X0R News.app"
               BlueprintName = "H4X0R News"
               ReferencedContainer = "container:H4X0R News.xcodeproj">
            </BuildableReference>
         </BuildActionEntry>
      </BuildActionEntries>
   </BuildAction>
   <LaunchAction
      useCustomWorkingDirectory = "NO"
      buildConfiguration = "Debug"
      allowLocationSimulation = "YES">
      <BuildableProductRunnable>
         <BuildableReference
            BuildableIdentifier = "primary"
            BlueprintIdentifier = "07F32A7F2AAA505700C5EA62"
            BuildableName = "H4X0R News.app"
            BlueprintName = "H4X0R News"
            ReferencedContainer = "container:H4X0R News.xcodeproj">
         </BuildableReference>
      </BuildableProductRunnable>
   </LaunchAction>
</Scheme>
